
Microsoft Visual Studio Solution File, Format Version 12.00
# Visual Studio Version 16
VisualStudioVersion = 16.0.30204.135
MinimumVisualStudioVersion = 10.0.40219.1
Project("{9A19103F-16F7-4668-BE54-9A1E7A4F7556}") = "NiceET", "NiceET\NiceET.csproj", "{8756E9FA-4462-4FD0-BD6A-68C6465DA82E}"
EndProject
Project("{9A19103F-16F7-4668-BE54-9A1E7A4F7556}") = "ExcelExporter", "ExcelExporter\ExcelExporter.csproj", "{E593DCC6-F5BF-46A2-8071-5118D233469E}"
EndProject
Project("{9A19103F-16F7-4668-BE54-9A1E7A4F7556}") = "Proto2Cs", "Proto2Cs\Proto2Cs.csproj", "{48168FF0-BEB2-438F-B83C-E1DBB12A4169}"
EndProject
Project("{2150E333-8FDC-42A3-9474-1A3956D46DE8}") = "Tools", "Tools", "{FD9287F9-8D45-4333-8768-4D6A0A4ED99F}"
EndProject
Project("{9A19103F-16F7-4668-BE54-9A1E7A4F7556}") = "Hotfix", "Hotfix\Hotfix.csproj", "{2D254246-2227-4C26-9B87-16A4AE71FCD2}"
EndProject
Project("{2150E333-8FDC-42A3-9474-1A3956D46DE8}") = "ThirdParty", "ThirdParty", "{468AE178-1A35-4927-9F26-92E85B1DBE59}"
EndProject
Project("{9A19103F-16F7-4668-BE54-9A1E7A4F7556}") = "Google.Protobuf", "ThirdParty\Google.Protobuf\Google.Protobuf.csproj", "{B8E13E1B-783F-49FC-8A99-8A09296B09EE}"
EndProject
Project("{9A19103F-16F7-4668-BE54-9A1E7A4F7556}") = "Model", "Model\Model.csproj", "{B02DD8F2-D8FF-460E-A1E8-D028574474E2}"
EndProject
Project("{9A19103F-16F7-4668-BE54-9A1E7A4F7556}") = "ShareLib", "ThirdParty\ShareLib\ShareLib.csproj", "{8D5CF808-792F-4FB5-AB17-D7E3174BD167}"
EndProject
Project("{9A19103F-16F7-4668-BE54-9A1E7A4F7556}") = "KcpLib", "ThirdParty\KcpLib\KcpLib.csproj", "{EE97BA77-868D-40BA-A172-F54B15FDD56F}"
EndProject
Global
	GlobalSection(SolutionConfigurationPlatforms) = preSolution
		Debug|Any CPU = Debug|Any CPU
		Debug|x64 = Debug|x64
		Debug|x86 = Debug|x86
		Release|Any CPU = Release|Any CPU
		Release|x64 = Release|x64
		Release|x86 = Release|x86
	EndGlobalSection
	GlobalSection(ProjectConfigurationPlatforms) = postSolution
		{8756E9FA-4462-4FD0-BD6A-68C6465DA82E}.Debug|Any CPU.ActiveCfg = Debug|Any CPU
		{8756E9FA-4462-4FD0-BD6A-68C6465DA82E}.Debug|Any CPU.Build.0 = Debug|Any CPU
		{8756E9FA-4462-4FD0-BD6A-68C6465DA82E}.Debug|x64.ActiveCfg = Debug|Any CPU
		{8756E9FA-4462-4FD0-BD6A-68C6465DA82E}.Debug|x64.Build.0 = Debug|Any CPU
		{8756E9FA-4462-4FD0-BD6A-68C6465DA82E}.Debug|x86.ActiveCfg = Debug|Any CPU
		{8756E9FA-4462-4FD0-BD6A-68C6465DA82E}.Debug|x86.Build.0 = Debug|Any CPU
		{8756E9FA-4462-4FD0-BD6A-68C6465DA82E}.Release|Any CPU.ActiveCfg = Release|Any CPU
		{8756E9FA-4462-4FD0-BD6A-68C6465DA82E}.Release|Any CPU.Build.0 = Release|Any CPU
		{8756E9FA-4462-4FD0-BD6A-68C6465DA82E}.Release|x64.ActiveCfg = Release|Any CPU
		{8756E9FA-4462-4FD0-BD6A-68C6465DA82E}.Release|x64.Build.0 = Release|Any CPU
		{8756E9FA-4462-4FD0-BD6A-68C6465DA82E}.Release|x86.ActiveCfg = Release|Any CPU
		{8756E9FA-4462-4FD0-BD6A-68C6465DA82E}.Release|x86.Build.0 = Release|Any CPU
		{E593DCC6-F5BF-46A2-8071-5118D233469E}.Debug|Any CPU.ActiveCfg = Debug|Any CPU
		{E593DCC6-F5BF-46A2-8071-5118D233469E}.Debug|Any CPU.Build.0 = Debug|Any CPU
		{E593DCC6-F5BF-46A2-8071-5118D233469E}.Debug|x64.ActiveCfg = Debug|Any CPU
		{E593DCC6-F5BF-46A2-8071-5118D233469E}.Debug|x64.Build.0 = Debug|Any CPU
		{E593DCC6-F5BF-46A2-8071-5118D233469E}.Debug|x86.ActiveCfg = Debug|Any CPU
		{E593DCC6-F5BF-46A2-8071-5118D233469E}.Debug|x86.Build.0 = Debug|Any CPU
		{E593DCC6-F5BF-46A2-8071-5118D233469E}.Release|Any CPU.ActiveCfg = Release|Any CPU
		{E593DCC6-F5BF-46A2-8071-5118D233469E}.Release|Any CPU.Build.0 = Release|Any CPU
		{E593DCC6-F5BF-46A2-8071-5118D233469E}.Release|x64.ActiveCfg = Release|Any CPU
		{E593DCC6-F5BF-46A2-8071-5118D233469E}.Release|x64.Build.0 = Release|Any CPU
		{E593DCC6-F5BF-46A2-8071-5118D233469E}.Release|x86.ActiveCfg = Release|Any CPU
		{E593DCC6-F5BF-46A2-8071-5118D233469E}.Release|x86.Build.0 = Release|Any CPU
		{48168FF0-BEB2-438F-B83C-E1DBB12A4169}.Debug|Any CPU.ActiveCfg = Debug|Any CPU
		{48168FF0-BEB2-438F-B83C-E1DBB12A4169}.Debug|Any CPU.Build.0 = Debug|Any CPU
		{48168FF0-BEB2-438F-B83C-E1DBB12A4169}.Debug|x64.ActiveCfg = Debug|Any CPU
		{48168FF0-BEB2-438F-B83C-E1DBB12A4169}.Debug|x64.Build.0 = Debug|Any CPU
		{48168FF0-BEB2-438F-B83C-E1DBB12A4169}.Debug|x86.ActiveCfg = Debug|Any CPU
		{48168FF0-BEB2-438F-B83C-E1DBB12A4169}.Debug|x86.Build.0 = Debug|Any CPU
		{48168FF0-BEB2-438F-B83C-E1DBB12A4169}.Release|Any CPU.ActiveCfg = Release|Any CPU
		{48168FF0-BEB2-438F-B83C-E1DBB12A4169}.Release|Any CPU.Build.0 = Release|Any CPU
		{48168FF0-BEB2-438F-B83C-E1DBB12A4169}.Release|x64.ActiveCfg = Release|Any CPU
		{48168FF0-BEB2-438F-B83C-E1DBB12A4169}.Release|x64.Build.0 = Release|Any CPU
		{48168FF0-BEB2-438F-B83C-E1DBB12A4169}.Release|x86.ActiveCfg = Release|Any CPU
		{48168FF0-BEB2-438F-B83C-E1DBB12A4169}.Release|x86.Build.0 = Release|Any CPU
		{2D254246-2227-4C26-9B87-16A4AE71FCD2}.Debug|Any CPU.ActiveCfg = Debug|Any CPU
		{2D254246-2227-4C26-9B87-16A4AE71FCD2}.Debug|Any CPU.Build.0 = Debug|Any CPU
		{2D254246-2227-4C26-9B87-16A4AE71FCD2}.Debug|x64.ActiveCfg = Debug|Any CPU
		{2D254246-2227-4C26-9B87-16A4AE71FCD2}.Debug|x64.Build.0 = Debug|Any CPU
		{2D254246-2227-4C26-9B87-16A4AE71FCD2}.Debug|x86.ActiveCfg = Debug|Any CPU
		{2D254246-2227-4C26-9B87-16A4AE71FCD2}.Debug|x86.Build.0 = Debug|Any CPU
		{2D254246-2227-4C26-9B87-16A4AE71FCD2}.Release|Any CPU.ActiveCfg = Release|Any CPU
		{2D254246-2227-4C26-9B87-16A4AE71FCD2}.Release|Any CPU.Build.0 = Release|Any CPU
		{2D254246-2227-4C26-9B87-16A4AE71FCD2}.Release|x64.ActiveCfg = Release|Any CPU
		{2D254246-2227-4C26-9B87-16A4AE71FCD2}.Release|x64.Build.0 = Release|Any CPU
		{2D254246-2227-4C26-9B87-16A4AE71FCD2}.Release|x86.ActiveCfg = Release|Any CPU
		{2D254246-2227-4C26-9B87-16A4AE71FCD2}.Release|x86.Build.0 = Release|Any CPU
		{B8E13E1B-783F-49FC-8A99-8A09296B09EE}.Debug|Any CPU.ActiveCfg = Debug|Any CPU
		{B8E13E1B-783F-49FC-8A99-8A09296B09EE}.Debug|Any CPU.Build.0 = Debug|Any CPU
		{B8E13E1B-783F-49FC-8A99-8A09296B09EE}.Debug|x64.ActiveCfg = Debug|Any CPU
		{B8E13E1B-783F-49FC-8A99-8A09296B09EE}.Debug|x64.Build.0 = Debug|Any CPU
		{B8E13E1B-783F-49FC-8A99-8A09296B09EE}.Debug|x86.ActiveCfg = Debug|Any CPU
		{B8E13E1B-783F-49FC-8A99-8A09296B09EE}.Debug|x86.Build.0 = Debug|Any CPU
		{B8E13E1B-783F-49FC-8A99-8A09296B09EE}.Release|Any CPU.ActiveCfg = Release|Any CPU
		{B8E13E1B-783F-49FC-8A99-8A09296B09EE}.Release|Any CPU.Build.0 = Release|Any CPU
		{B8E13E1B-783F-49FC-8A99-8A09296B09EE}.Release|x64.ActiveCfg = Release|Any CPU
		{B8E13E1B-783F-49FC-8A99-8A09296B09EE}.Release|x64.Build.0 = Release|Any CPU
		{B8E13E1B-783F-49FC-8A99-8A09296B09EE}.Release|x86.ActiveCfg = Release|Any CPU
		{B8E13E1B-783F-49FC-8A99-8A09296B09EE}.Release|x86.Build.0 = Release|Any CPU
		{B02DD8F2-D8FF-460E-A1E8-D028574474E2}.Debug|Any CPU.ActiveCfg = Debug|Any CPU
		{B02DD8F2-D8FF-460E-A1E8-D028574474E2}.Debug|Any CPU.Build.0 = Debug|Any CPU
		{B02DD8F2-D8FF-460E-A1E8-D028574474E2}.Debug|x64.ActiveCfg = Debug|Any CPU
		{B02DD8F2-D8FF-460E-A1E8-D028574474E2}.Debug|x64.Build.0 = Debug|Any CPU
		{B02DD8F2-D8FF-460E-A1E8-D028574474E2}.Debug|x86.ActiveCfg = Debug|Any CPU
		{B02DD8F2-D8FF-460E-A1E8-D028574474E2}.Debug|x86.Build.0 = Debug|Any CPU
		{B02DD8F2-D8FF-460E-A1E8-D028574474E2}.Release|Any CPU.ActiveCfg = Release|Any CPU
		{B02DD8F2-D8FF-460E-A1E8-D028574474E2}.Release|Any CPU.Build.0 = Release|Any CPU
		{B02DD8F2-D8FF-460E-A1E8-D028574474E2}.Release|x64.ActiveCfg = Release|Any CPU
		{B02DD8F2-D8FF-460E-A1E8-D028574474E2}.Release|x64.Build.0 = Release|Any CPU
		{B02DD8F2-D8FF-460E-A1E8-D028574474E2}.Release|x86.ActiveCfg = Release|Any CPU
		{B02DD8F2-D8FF-460E-A1E8-D028574474E2}.Release|x86.Build.0 = Release|Any CPU
		{8D5CF808-792F-4FB5-AB17-D7E3174BD167}.Debug|Any CPU.ActiveCfg = Debug|Any CPU
		{8D5CF808-792F-4FB5-AB17-D7E3174BD167}.Debug|Any CPU.Build.0 = Debug|Any CPU
		{8D5CF808-792F-4FB5-AB17-D7E3174BD167}.Debug|x64.ActiveCfg = Debug|Any CPU
		{8D5CF808-792F-4FB5-AB17-D7E3174BD167}.Debug|x64.Build.0 = Debug|Any CPU
		{8D5CF808-792F-4FB5-AB17-D7E3174BD167}.Debug|x86.ActiveCfg = Debug|Any CPU
		{8D5CF808-792F-4FB5-AB17-D7E3174BD167}.Debug|x86.Build.0 = Debug|Any CPU
		{8D5CF808-792F-4FB5-AB17-D7E3174BD167}.Release|Any CPU.ActiveCfg = Release|Any CPU
		{8D5CF808-792F-4FB5-AB17-D7E3174BD167}.Release|Any CPU.Build.0 = Release|Any CPU
		{8D5CF808-792F-4FB5-AB17-D7E3174BD167}.Release|x64.ActiveCfg = Release|Any CPU
		{8D5CF808-792F-4FB5-AB17-D7E3174BD167}.Release|x64.Build.0 = Release|Any CPU
		{8D5CF808-792F-4FB5-AB17-D7E3174BD167}.Release|x86.ActiveCfg = Release|Any CPU
		{8D5CF808-792F-4FB5-AB17-D7E3174BD167}.Release|x86.Build.0 = Release|Any CPU
		{EE97BA77-868D-40BA-A172-F54B15FDD56F}.Debug|Any CPU.ActiveCfg = Debug|Any CPU
		{EE97BA77-868D-40BA-A172-F54B15FDD56F}.Debug|Any CPU.Build.0 = Debug|Any CPU
		{EE97BA77-868D-40BA-A172-F54B15FDD56F}.Debug|x64.ActiveCfg = Debug|Any CPU
		{EE97BA77-868D-40BA-A172-F54B15FDD56F}.Debug|x64.Build.0 = Debug|Any CPU
		{EE97BA77-868D-40BA-A172-F54B15FDD56F}.Debug|x86.ActiveCfg = Debug|Any CPU
		{EE97BA77-868D-40BA-A172-F54B15FDD56F}.Debug|x86.Build.0 = Debug|Any CPU
		{EE97BA77-868D-40BA-A172-F54B15FDD56F}.Release|Any CPU.ActiveCfg = Release|Any CPU
		{EE97BA77-868D-40BA-A172-F54B15FDD56F}.Release|Any CPU.Build.0 = Release|Any CPU
		{EE97BA77-868D-40BA-A172-F54B15FDD56F}.Release|x64.ActiveCfg = Release|Any CPU
		{EE97BA77-868D-40BA-A172-F54B15FDD56F}.Release|x64.Build.0 = Release|Any CPU
		{EE97BA77-868D-40BA-A172-F54B15FDD56F}.Release|x86.ActiveCfg = Release|Any CPU
		{EE97BA77-868D-40BA-A172-F54B15FDD56F}.Release|x86.Build.0 = Release|Any CPU
	EndGlobalSection
	GlobalSection(SolutionProperties) = preSolution
		HideSolutionNode = FALSE
	EndGlobalSection
	GlobalSection(NestedProjects) = preSolution
		{E593DCC6-F5BF-46A2-8071-5118D233469E} = {FD9287F9-8D45-4333-8768-4D6A0A4ED99F}
		{48168FF0-BEB2-438F-B83C-E1DBB12A4169} = {FD9287F9-8D45-4333-8768-4D6A0A4ED99F}
		{B8E13E1B-783F-49FC-8A99-8A09296B09EE} = {468AE178-1A35-4927-9F26-92E85B1DBE59}
		{8D5CF808-792F-4FB5-AB17-D7E3174BD167} = {468AE178-1A35-4927-9F26-92E85B1DBE59}
		{EE97BA77-868D-40BA-A172-F54B15FDD56F} = {468AE178-1A35-4927-9F26-92E85B1DBE59}
	EndGlobalSection
	GlobalSection(ExtensibilityGlobals) = postSolution
		SolutionGuid = {D9B8D7D6-1A5B-424E-8A65-5576CC70ADEA}
	EndGlobalSection
EndGlobal
